{
  "nodes": {
    "click": {
      "inputs": {
        "flake-lib": [
          "diffusers",
          "huggingface-hub",
          "flake-lib"
        ],
        "flake-utils": [
          "diffusers",
          "huggingface-hub",
          "flake-utils"
        ],
        "nixpkgs": [
          "diffusers",
          "huggingface-hub",
          "nixpkgs"
        ]
      },
      "locked": {
        "lastModified": 1788606433,
        "narHash": "sha256-6+YEz8okkMtnricztVp+YaZSCg6aIYz26l+GmKEmdD0=",
        "owner": "jgus",
        "repo": "click-flake",
        "rev": "dfb6181d72828bea0e20cef9122573fba98753cc",
        "type": "github"
      },
      "original": {
        "owner": "jgus",
        "repo": "click-flake",
        "type": "github"
      }
    },
    "datasets": {
      "inputs": {
        "flake-lib": [
          "flake-lib"
        ],
        "flake-utils": [
          "flake-utils"
        ],
        "nixpkgs": [
          "nixpkgs"
        ]
      },
      "locked": {
        "lastModified": 1788606497,
        "narHash": "sha256-FYT9hbLpDUwAF0F/9D4yJzy1Sj6pwVCrsoXXz3q4kwI=",
        "owner": "jgus",
        "repo": "datasets-flake",
        "rev": "c77e6ae968cc8e211bcaff2cf6b3d82094e1fee1",
        "type": "github"
      },
      "original": {
        "owner": "jgus",
        "repo": "datasets-flake",
        "type": "github"
      }
    },
    "ddgs": {
      "inputs": {
        "flake-lib": [
          "flake-lib"
        ],
        "flake-utils": [
          "flake-utils"
        ],
        "nixpkgs": [
          "nixpkgs"
        ]
      },
      "locked": {
        "lastModified": 1788606706,
        "narHash": "sha256-jUlGQQdhbdSq9+q+1MVbXGerchcy/7F4UNtnOTnWLGA=",
        "owner": "jgus",
        "repo": "ddgs-flake",
        "rev": "dd109a966e2c3ae7e2b4915226b3fb8fb4ad2a85",
        "type": "github"
      },
      "original": {
        "owner": "jgus",
        "repo": "ddgs-flake",
        "type": "github"
      }
    },
    "diffusers": {
      "inputs": {
        "flake-lib": [
          "flake-lib"
        ],
        "flake-utils": [
          "flake-utils"
        ],
        "huggingface-hub": "huggingface-hub",
        "nixpkgs": [
          "nixpkgs"
        ]
      },
      "locked": {
        "lastModified": 1788608429,
        "narHash": "sha256-GAMM8uhVtmHdNbAgANyBgST5ptaMsiPXXjdpqVVC1f0=",
        "owner": "jgus",
        "repo": "diffusers-flake",
        "rev": "a47b1ba2ee14d127bcd9b3872c15ddbe47170b97",
        "type": "github"
      },
      "original": {
        "owner": "jgus",
        "repo": "diffusers-flake",
        "type": "github"
      }
    },
    "fastapi": {
      "inputs": {
        "flake-lib": [
          "flake-lib"
        ],
        "flake-utils": [
          "flake-utils"
        ],
        "nixpkgs": [
          "nixpkgs"
        ]
      },
      "locked": {
        "lastModified": 1788606430,
        "narHash": "sha256-jmeIrhNYZ6td56nSrhVHxL/q7s2JCaiXn4JAKQyQQO8=",
        "owner": "jgus",
        "repo": "fastapi-flake",
        "rev": "fa010bc99bc9c9aa3707fdc2856ecb130211bb29",
        "type": "github"
      },
      "original": {
        "owner": "jgus",
        "repo": "fastapi-flake",
        "type": "github"
      }
    },
    "flake-lib": {
      "inputs": {
        "flake-utils": [
          "flake-utils"
        ],
        "nixpkgs": [
          "nixpkgs"
        ]
      },
      "locked": {
        "lastModified": 1788198837,
        "narHash": "sha256-/esUnRsgT7OHNnIp9i25DqRC0PU4DYCjKMVF9hObKOw=",
        "owner": "jgus",
        "repo": "flake-lib",
        "rev": "efa5732408252073f0f5ed9f06c5d3765e62c3b7",
        "type": "github"
      },
      "original": {
        "owner": "jgus",
        "ref": "v1",
        "repo": "flake-lib",
        "type": "github"
      }
    },
    "flake-utils": {
      "inputs": {
        "systems": "systems"
      },
      "locked": {
        "lastModified": 1731533236,
        "narHash": "sha256-l0KFg5HjrsfsO/JpG+r7fRrqm12kzFHyUHqHCVpMMbI=",
        "owner": "numtide",
        "repo": "flake-utils",
        "rev": "11707dc2f618dd54ca8739b309ec4fc024de578b",
        "type": "github"
      },
      "original": {
        "owner": "numtide",
        "repo": "flake-utils",
        "type": "github"
      }
    },
    "gguf": {
      "inputs": {
        "flake-lib": [
          "flake-lib"
        ],
        "flake-utils": [
          "flake-utils"
        ],
        "nixpkgs": [
          "nixpkgs"
        ]
      },
      "locked": {
        "lastModified": 1788606599,
        "narHash": "sha256-JTl96x1HQvt4QgNdt2okBZVKDcjZBpTRn2O6TX3Ad80=",
        "owner": "jgus",
        "repo": "gguf-flake",
        "rev": "5d1b57e856866c4528d2b3a4a716354e1709e1b0",
        "type": "github"
      },
      "original": {
        "owner": "jgus",
        "repo": "gguf-flake",
        "type": "github"
      }
    },
    "hf-xet": {
      "inputs": {
        "flake-lib": [
          "diffusers",
          "huggingface-hub",
          "flake-lib"
        ],
        "flake-utils": [
          "diffusers",
          "huggingface-hub",
          "flake-utils"
        ],
        "nixpkgs": [
          "diffusers",
          "huggingface-hub",
          "nixpkgs"
        ]
      },
      "locked": {
        "lastModified": 1788606053,
        "narHash": "sha256-8MZxRJwe4fuAclaPQkMR7/RMV3pEFAJLEljGP+MTFCY=",
        "owner": "jgus",
        "repo": "hf-xet-flake",
        "rev": "a4e0be83caef919c446a30b8a3cb30c06e45c701",
        "type": "github"
      },
      "original": {
        "owner": "jgus",
        "repo": "hf-xet-flake",
        "type": "github"
      }
    },
    "huggingface-hub": {
      "inputs": {
        "click": "click",
        "flake-lib": [
          "diffusers",
          "flake-lib"
        ],
        "flake-utils": [
          "diffusers",
          "flake-utils"
        ],
        "hf-xet": "hf-xet",
        "nixpkgs": [
          "diffusers",
          "nixpkgs"
        ]
      },
      "locked": {
        "lastModified": 1788607327,
        "narHash": "sha256-Il1g8eZk9stp0NJoNumiss3YWJ6VZuBOZdOfpSuBrPo=",
        "owner": "jgus",
        "repo": "huggingface-hub-flake",
        "rev": "e608cb56c2a55561b3c1ab00daa9e44ad63b8201",
        "type": "github"
      },
      "original": {
        "owner": "jgus",
        "repo": "huggingface-hub-flake",
        "type": "github"
      }
    },
    "matplotlib": {
      "inputs": {
        "flake-lib": [
          "flake-lib"
        ],
        "flake-utils": [
          "flake-utils"
        ],
        "nixpkgs": [
          "nixpkgs"
        ]
      },
      "locked": {
        "lastModified": 1788606898,
        "narHash": "sha256-tVorWYQ1FugrBNPWildJzzr78iMEyfnxjNN3G29XxiI=",
        "owner": "jgus",
        "repo": "matplotlib-flake",
        "rev": "4523cb2b9131a223720540e892076b28c9126c87",
        "type": "github"
      },
      "original": {
        "owner": "jgus",
        "repo": "matplotlib-flake",
        "type": "github"
      }
    },
    "nest-asyncio": {
      "inputs": {
        "flake-lib": [
          "flake-lib"
        ],
        "flake-utils": [
          "flake-utils"
        ],
        "nixpkgs": [
          "nixpkgs"
        ]
      },
      "locked": {
        "lastModified": 1788606878,
        "narHash": "sha256-IgX50gN7HjgVv8N0djnnxXRSd+7TQir/poeRi/6Q/kE=",
        "owner": "jgus",
        "repo": "nest-asyncio-flake",
        "rev": "09153818c418c79f8fc334627e2004fc77cb8c55",
        "type": "github"
      },
      "original": {
        "owner": "jgus",
        "repo": "nest-asyncio-flake",
        "type": "github"
      }
    },
    "nixpkgs": {
      "locked": {
        "lastModified": 1788431191,
        "narHash": "sha256-MFClkboDeW56feBCAeAV3Z3J2quGSZFlAOXQ4JjIlIA=",
        "owner": "NixOS",
        "repo": "nixpkgs",
        "rev": "9b9402b959a2276982ddd5ad3652a38b97f7c40b",
        "type": "github"
      },
      "original": {
        "owner": "NixOS",
        "ref": "nixpkgs-unstable",
        "repo": "nixpkgs",
        "type": "github"
      }
    },
    "packaging": {
      "inputs": {
        "flake-lib": [
          "flake-lib"
        ],
        "flake-utils": [
          "flake-utils"
        ],
        "nixpkgs": [
          "nixpkgs"
        ]
      },
      "locked": {
        "lastModified": 1788606471,
        "narHash": "sha256-OPdWxIUOkNYGtiJitaLmPsaDecXqvTa8xXiMUVkn2LE=",
        "owner": "jgus",
        "repo": "packaging-flake",
        "rev": "387e9d4358d7531906d3949a972ba71e8ff24362",
        "type": "github"
      },
      "original": {
        "owner": "jgus",
        "repo": "packaging-flake",
        "type": "github"
      }
    },
    "pandas": {
      "inputs": {
        "flake-lib": [
          "flake-lib"
        ],
        "flake-utils": [
          "flake-utils"
        ],
        "nixpkgs": [
          "nixpkgs"
        ]
      },
      "locked": {
        "lastModified": 1788606355,
        "narHash": "sha256-Nt18xoQYFkgA4F+ZnH0NN57q4dG5p4ED/cSfiYD5B4I=",
        "owner": "jgus",
        "repo": "pandas-flake",
        "rev": "213257bd63aefa9305b3266851b948ac9367ab9c",
        "type": "github"
      },
      "original": {
        "owner": "jgus",
        "repo": "pandas-flake",
        "type": "github"
      }
    },
    "pydantic": {
      "inputs": {
        "flake-lib": [
          "flake-lib"
        ],
        "flake-utils": [
          "flake-utils"
        ],
        "nixpkgs": [
          "nixpkgs"
        ],
        "pydantic-core": "pydantic-core"
      },
      "locked": {
        "lastModified": 1788607202,
        "narHash": "sha256-6+N6M/RjeiCZGvV5BLjy5Y75dGUOe51wFE4VcMvnyLM=",
        "owner": "jgus",
        "repo": "pydantic-flake",
        "rev": "5203333f9c9e3afa9ff825be8a893ff239dcf5a3",
        "type": "github"
      },
      "original": {
        "owner": "jgus",
        "repo": "pydantic-flake",
        "type": "github"
      }
    },
    "pydantic-core": {
      "inputs": {
        "flake-lib": [
          "pydantic",
          "flake-lib"
        ],
        "flake-utils": [
          "pydantic",
          "flake-utils"
        ],
        "nixpkgs": [
          "pydantic",
          "nixpkgs"
        ]
      },
      "locked": {
        "lastModified": 1788606641,
        "narHash": "sha256-fWbtQs2gSMTlAAPxzfpYgO9yQsDqFUJR3TrcV69UjlQ=",
        "owner": "jgus",
        "repo": "pydantic-core-flake",
        "rev": "8db18c07dcb38efbd89011486042ee44ed3f36ab",
        "type": "github"
      },
      "original": {
        "owner": "jgus",
        "repo": "pydantic-core-flake",
        "type": "github"
      }
    },
    "root": {
      "inputs": {
        "datasets": "datasets",
        "ddgs": "ddgs",
        "diffusers": "diffusers",
        "fastapi": "fastapi",
        "flake-lib": "flake-lib",
        "flake-utils": "flake-utils",
        "gguf": "gguf",
        "matplotlib": "matplotlib",
        "nest-asyncio": "nest-asyncio",
        "nixpkgs": "nixpkgs",
        "packaging": "packaging",
        "pandas": "pandas",
        "pydantic": "pydantic",
        "sqlite-vec": "sqlite-vec",
        "transformers": "transformers",
        "typer": "typer",
        "unsloth": "unsloth",
        "uvicorn": "uvicorn"
      }
    },
    "sqlite-vec": {
      "inputs": {
        "flake-lib": [
          "flake-lib"
        ],
        "flake-utils": [
          "flake-utils"
        ],
        "nixpkgs": [
          "nixpkgs"
        ]
      },
      "locked": {
        "lastModified": 1788606430,
        "narHash": "sha256-jHrKbLURLnMrIb13MzX40h+uOWx8l2ChnhSfXHywU5c=",
        "owner": "jgus",
        "repo": "sqlite-vec-flake",
        "rev": "07f5721ea9a9e061690420ef9c829753c060e685",
        "type": "github"
      },
      "original": {
        "owner": "jgus",
        "repo": "sqlite-vec-flake",
        "type": "github"
      }
    },
    "systems": {
      "locked": {
        "lastModified": 1681028828,
        "narHash": "sha256-Vy1rq5AaRuLzOxct8nz4T6wlgyUR7zLU309k9mBC768=",
        "owner": "nix-systems",
        "repo": "default",
        "rev": "da67096a3b9bf56a91d16901293e51ba5b49a27e",
        "type": "github"
      },
      "original": {
        "owner": "nix-systems",
        "repo": "default",
        "type": "github"
      }
    },
    "tokenizers": {
      "inputs": {
        "flake-lib": [
          "transformers",
          "flake-lib"
        ],
        "flake-utils": [
          "transformers",
          "flake-utils"
        ],
        "nixpkgs": [
          "transformers",
          "nixpkgs"
        ]
      },
      "locked": {
        "lastModified": 1788606669,
        "narHash": "sha256-8CuB9Ltdd/j1y0Hshf2YqoGoUwykhYVO6o0fMQIYreg=",
        "owner": "jgus",
        "repo": "tokenizers-flake",
        "rev": "179c013115df7a257c6083f4bf9d51289479a971",
        "type": "github"
      },
      "original": {
        "owner": "jgus",
        "repo": "tokenizers-flake",
        "type": "github"
      }
    },
    "transformers": {
      "inputs": {
        "flake-lib": [
          "flake-lib"
        ],
        "flake-utils": [
          "flake-utils"
        ],
        "nixpkgs": [
          "nixpkgs"
        ],
        "tokenizers": "tokenizers"
      },
      "locked": {
        "lastModified": 1788607200,
        "narHash": "sha256-SxhzFg5CCXcyBF07VERO6XKmFKEYfR6cTeLZ+m2DDWg=",
        "owner": "jgus",
        "repo": "transformers-flake",
        "rev": "b56849b42b271f709ce8536facedc03969f39970",
        "type": "github"
      },
      "original": {
        "owner": "jgus",
        "repo": "transformers-flake",
        "type": "github"
      }
    },
    "typer": {
      "inputs": {
        "flake-lib": [
          "flake-lib"
        ],
        "flake-utils": [
          "flake-utils"
        ],
        "nixpkgs": [
          "nixpkgs"
        ]
      },
      "locked": {
        "lastModified": 1788606839,
        "narHash": "sha256-euDo6Qxh+zTBHE+rb8vL12PHdUNSHkIv3nN76qvubsg=",
        "owner": "jgus",
        "repo": "typer-flake",
        "rev": "dfcdf520d8311aabe1f278158e00ee85ba57e638",
        "type": "github"
      },
      "original": {
        "owner": "jgus",
        "repo": "typer-flake",
        "type": "github"
      }
    },
    "unsloth": {
      "inputs": {
        "flake-lib": [
          "flake-lib"
        ],
        "flake-utils": [
          "flake-utils"
        ],
        "nixpkgs": [
          "nixpkgs"
        ],
        "unsloth-zoo": "unsloth-zoo"
      },
      "locked": {
        "lastModified": 1788607792,
        "narHash": "sha256-iHWxB2JQGdzsrIu5ixPhL2/KB98PMrCQfcVDGl+VJuM=",
        "owner": "jgus",
        "repo": "unsloth-flake",
        "rev": "53f4cc2ecdba0b200bdf77b395195a51d1db3702",
        "type": "github"
      },
      "original": {
        "owner": "jgus",
        "repo": "unsloth-flake",
        "type": "github"
      }
    },
    "unsloth-zoo": {
      "inputs": {
        "flake-lib": [
          "unsloth",
          "flake-lib"
        ],
        "flake-utils": [
          "unsloth",
          "flake-utils"
        ],
        "nixpkgs": [
          "unsloth",
          "nixpkgs"
        ]
      },
      "locked": {
        "lastModified": 1788606493,
        "narHash": "sha256-f/ila5XTF/3DWpieufzau+Xpfdph6eki/0S7I+Hd0SA=",
        "owner": "jgus",
        "repo": "unsloth-zoo-flake",
        "rev": "81dd229f40d4308b8ed84db1518a89dcf0ddaae0",
        "type": "github"
      },
      "original": {
        "owner": "jgus",
        "repo": "unsloth-zoo-flake",
        "type": "github"
      }
    },
    "uvicorn": {
      "inputs": {
        "flake-lib": [
          "flake-lib"
        ],
        "flake-utils": [
          "flake-utils"
        ],
        "nixpkgs": [
          "nixpkgs"
        ]
      },
      "locked": {
        "lastModified": 1788606531,
        "narHash": "sha256-EBwG68fO+COroFhobnwtARBoeeOQozBmpdU4UuScBJ0=",
        "owner": "jgus",
        "repo": "uvicorn-flake",
        "rev": "142fe74b40527c55abb268fe727029691b5d1eca",
        "type": "github"
      },
      "original": {
        "owner": "jgus",
        "repo": "uvicorn-flake",
        "type": "github"
      }
    }
  },
  "root": "root",
  "version": 7
}
