{
  "nodes": {
    "click": {
      "inputs": {
        "flake-lib": [
          "diffusers",
          "huggingface-hub",
          "flake-lib"
        ],
        "flake-utils": [
          "diffusers",
          "huggingface-hub",
          "flake-utils"
        ],
        "nixpkgs": [
          "diffusers",
          "huggingface-hub",
          "nixpkgs"
        ]
      },
      "locked": {
        "lastModified": 1788260589,
        "narHash": "sha256-GxO72Jo1xoBQfYhNGAY1dY9nG3N4pbNVap+COaJRCHE=",
        "owner": "jgus",
        "repo": "click-flake",
        "rev": "411bc7f8c02a99e63604ef0ead0e040f2a0c65e6",
        "type": "github"
      },
      "original": {
        "owner": "jgus",
        "repo": "click-flake",
        "type": "github"
      }
    },
    "datasets": {
      "inputs": {
        "flake-lib": [
          "flake-lib"
        ],
        "flake-utils": [
          "flake-utils"
        ],
        "nixpkgs": [
          "nixpkgs"
        ]
      },
      "locked": {
        "lastModified": 1788350209,
        "narHash": "sha256-cH/G3SajGIo/GInvJfMPeOsr81SHnfPX74cgwqL0a2w=",
        "owner": "jgus",
        "repo": "datasets-flake",
        "rev": "46c433d757ffec5a24409c99039d0674a8cbb278",
        "type": "github"
      },
      "original": {
        "owner": "jgus",
        "repo": "datasets-flake",
        "type": "github"
      }
    },
    "ddgs": {
      "inputs": {
        "flake-lib": [
          "flake-lib"
        ],
        "flake-utils": [
          "flake-utils"
        ],
        "nixpkgs": [
          "nixpkgs"
        ]
      },
      "locked": {
        "lastModified": 1788350430,
        "narHash": "sha256-KPJ0WiPJh+5tU+i/MkXfzOxo+2MFqMREndtwePUe1VI=",
        "owner": "jgus",
        "repo": "ddgs-flake",
        "rev": "c46cd6fd0d6fb848783a1b65fd44789a09957a26",
        "type": "github"
      },
      "original": {
        "owner": "jgus",
        "repo": "ddgs-flake",
        "type": "github"
      }
    },
    "diffusers": {
      "inputs": {
        "flake-lib": [
          "flake-lib"
        ],
        "flake-utils": [
          "flake-utils"
        ],
        "huggingface-hub": "huggingface-hub",
        "nixpkgs": [
          "nixpkgs"
        ]
      },
      "locked": {
        "lastModified": 1788265511,
        "narHash": "sha256-Yd6PwLsVqYHntfv/GivqykTGgdLddql/ZlickDvt7lI=",
        "owner": "jgus",
        "repo": "diffusers-flake",
        "rev": "38e8e2b3d3302478725e4fa2918d5b72af1be1ee",
        "type": "github"
      },
      "original": {
        "owner": "jgus",
        "repo": "diffusers-flake",
        "type": "github"
      }
    },
    "fastapi": {
      "inputs": {
        "flake-lib": [
          "flake-lib"
        ],
        "flake-utils": [
          "flake-utils"
        ],
        "nixpkgs": [
          "nixpkgs"
        ]
      },
      "locked": {
        "lastModified": 1788265187,
        "narHash": "sha256-pVvBKTgbfsKFhP8B44xqZH/Htx644IhELQ33s72vviQ=",
        "owner": "jgus",
        "repo": "fastapi-flake",
        "rev": "6393f67528e0e7e9ee4dac8e02b2550c6a756b99",
        "type": "github"
      },
      "original": {
        "owner": "jgus",
        "repo": "fastapi-flake",
        "type": "github"
      }
    },
    "flake-lib": {
      "inputs": {
        "flake-utils": [
          "flake-utils"
        ],
        "nixpkgs": [
          "nixpkgs"
        ]
      },
      "locked": {
        "lastModified": 1788198837,
        "narHash": "sha256-/esUnRsgT7OHNnIp9i25DqRC0PU4DYCjKMVF9hObKOw=",
        "owner": "jgus",
        "repo": "flake-lib",
        "rev": "efa5732408252073f0f5ed9f06c5d3765e62c3b7",
        "type": "github"
      },
      "original": {
        "owner": "jgus",
        "ref": "v1",
        "repo": "flake-lib",
        "type": "github"
      }
    },
    "flake-utils": {
      "inputs": {
        "systems": "systems"
      },
      "locked": {
        "lastModified": 1731533236,
        "narHash": "sha256-l0KFg5HjrsfsO/JpG+r7fRrqm12kzFHyUHqHCVpMMbI=",
        "owner": "numtide",
        "repo": "flake-utils",
        "rev": "11707dc2f618dd54ca8739b309ec4fc024de578b",
        "type": "github"
      },
      "original": {
        "owner": "numtide",
        "repo": "flake-utils",
        "type": "github"
      }
    },
    "gguf": {
      "inputs": {
        "flake-lib": [
          "flake-lib"
        ],
        "flake-utils": [
          "flake-utils"
        ],
        "nixpkgs": [
          "nixpkgs"
        ]
      },
      "locked": {
        "lastModified": 1788265420,
        "narHash": "sha256-ecjOP6950xoZscL3Ekt5PH0KJ8uS3yn9O1H+evnocFE=",
        "owner": "jgus",
        "repo": "gguf-flake",
        "rev": "6d25a6de4e69d05257d3d53e660a1cfb155b0b35",
        "type": "github"
      },
      "original": {
        "owner": "jgus",
        "repo": "gguf-flake",
        "type": "github"
      }
    },
    "hf-xet": {
      "inputs": {
        "flake-lib": [
          "diffusers",
          "huggingface-hub",
          "flake-lib"
        ],
        "flake-utils": [
          "diffusers",
          "huggingface-hub",
          "flake-utils"
        ],
        "nixpkgs": [
          "diffusers",
          "huggingface-hub",
          "nixpkgs"
        ]
      },
      "locked": {
        "lastModified": 1788262008,
        "narHash": "sha256-g4kTn5NaGI12muDB5H/DJfBOl0Nmx7gFEQxyB9PM+gM=",
        "owner": "jgus",
        "repo": "hf-xet-flake",
        "rev": "10c2e9cd480872f95259f9483404517baeb55d80",
        "type": "github"
      },
      "original": {
        "owner": "jgus",
        "repo": "hf-xet-flake",
        "type": "github"
      }
    },
    "huggingface-hub": {
      "inputs": {
        "click": "click",
        "flake-lib": [
          "diffusers",
          "flake-lib"
        ],
        "flake-utils": [
          "diffusers",
          "flake-utils"
        ],
        "hf-xet": "hf-xet",
        "nixpkgs": [
          "diffusers",
          "nixpkgs"
        ]
      },
      "locked": {
        "lastModified": 1788263473,
        "narHash": "sha256-xOw7mLYH7bUPOgsvsAf1DAHlIF7t9PzAFOiBA2+sdE8=",
        "owner": "jgus",
        "repo": "huggingface-hub-flake",
        "rev": "a798d4f268d9a6a680c3298088272e073ee4d51b",
        "type": "github"
      },
      "original": {
        "owner": "jgus",
        "repo": "huggingface-hub-flake",
        "type": "github"
      }
    },
    "matplotlib": {
      "inputs": {
        "flake-lib": [
          "flake-lib"
        ],
        "flake-utils": [
          "flake-utils"
        ],
        "nixpkgs": [
          "nixpkgs"
        ]
      },
      "locked": {
        "lastModified": 1788350659,
        "narHash": "sha256-ANR1oENxBtU+Eb2sE9fAFGa37svgSeI5UGQEFpeDeWU=",
        "owner": "jgus",
        "repo": "matplotlib-flake",
        "rev": "3b79ede9ad3d42069031757a0bfcf984c4e7c730",
        "type": "github"
      },
      "original": {
        "owner": "jgus",
        "repo": "matplotlib-flake",
        "type": "github"
      }
    },
    "nest-asyncio": {
      "inputs": {
        "flake-lib": [
          "flake-lib"
        ],
        "flake-utils": [
          "flake-utils"
        ],
        "nixpkgs": [
          "nixpkgs"
        ]
      },
      "locked": {
        "lastModified": 1788265874,
        "narHash": "sha256-KqEp7YZFAyO7yJeaBVeTRy0q67Celgt4qI7eNmbsdTc=",
        "owner": "jgus",
        "repo": "nest-asyncio-flake",
        "rev": "c82e7e168184d20df7df4d8be4eacccc3482e699",
        "type": "github"
      },
      "original": {
        "owner": "jgus",
        "repo": "nest-asyncio-flake",
        "type": "github"
      }
    },
    "nixpkgs": {
      "locked": {
        "lastModified": 1787964612,
        "narHash": "sha256-0N9nghg3nwzX6b6qc77EzjR9cu/Z+UR66FlfsCqiURs=",
        "owner": "NixOS",
        "repo": "nixpkgs",
        "rev": "e8be7818e19ada32105a8af937a6a473b38167ca",
        "type": "github"
      },
      "original": {
        "owner": "NixOS",
        "ref": "nixpkgs-unstable",
        "repo": "nixpkgs",
        "type": "github"
      }
    },
    "packaging": {
      "inputs": {
        "flake-lib": [
          "flake-lib"
        ],
        "flake-utils": [
          "flake-utils"
        ],
        "nixpkgs": [
          "nixpkgs"
        ]
      },
      "locked": {
        "lastModified": 1788265246,
        "narHash": "sha256-KnrOibszw7TJZrqMc0u5a42nYXCC6gkZZQBDwNkwzIE=",
        "owner": "jgus",
        "repo": "packaging-flake",
        "rev": "e5d63062bf5cec9692fc765bec067f3902c3cd06",
        "type": "github"
      },
      "original": {
        "owner": "jgus",
        "repo": "packaging-flake",
        "type": "github"
      }
    },
    "pandas": {
      "inputs": {
        "flake-lib": [
          "flake-lib"
        ],
        "flake-utils": [
          "flake-utils"
        ],
        "nixpkgs": [
          "nixpkgs"
        ]
      },
      "locked": {
        "lastModified": 1788265066,
        "narHash": "sha256-ljZs2kZgtpwC2R7UXnTFVJcLnz8Dvw2xMoCkTCC0nnw=",
        "owner": "jgus",
        "repo": "pandas-flake",
        "rev": "c970f1259bdea58ea14b3b50a2eb48081acd3590",
        "type": "github"
      },
      "original": {
        "owner": "jgus",
        "repo": "pandas-flake",
        "type": "github"
      }
    },
    "pydantic": {
      "inputs": {
        "flake-lib": [
          "flake-lib"
        ],
        "flake-utils": [
          "flake-utils"
        ],
        "nixpkgs": [
          "nixpkgs"
        ],
        "pydantic-core": "pydantic-core"
      },
      "locked": {
        "lastModified": 1788351087,
        "narHash": "sha256-+8hpDZex8GjCz/wr6I1ItSgBkX9wdXgqA+LTitlNQd0=",
        "owner": "jgus",
        "repo": "pydantic-flake",
        "rev": "f81bf2943664641a350a614680706cc4a6b11094",
        "type": "github"
      },
      "original": {
        "owner": "jgus",
        "repo": "pydantic-flake",
        "type": "github"
      }
    },
    "pydantic-core": {
      "inputs": {
        "flake-lib": [
          "pydantic",
          "flake-lib"
        ],
        "flake-utils": [
          "pydantic",
          "flake-utils"
        ],
        "nixpkgs": [
          "pydantic",
          "nixpkgs"
        ]
      },
      "locked": {
        "lastModified": 1788350376,
        "narHash": "sha256-lDizBzsT2TeaO/4cd7AARZU3pIELQ/XkVJQu1bhhPsE=",
        "owner": "jgus",
        "repo": "pydantic-core-flake",
        "rev": "14263eeb92866d66a70a608dbd582cfdf70b5370",
        "type": "github"
      },
      "original": {
        "owner": "jgus",
        "repo": "pydantic-core-flake",
        "type": "github"
      }
    },
    "root": {
      "inputs": {
        "datasets": "datasets",
        "ddgs": "ddgs",
        "diffusers": "diffusers",
        "fastapi": "fastapi",
        "flake-lib": "flake-lib",
        "flake-utils": "flake-utils",
        "gguf": "gguf",
        "matplotlib": "matplotlib",
        "nest-asyncio": "nest-asyncio",
        "nixpkgs": "nixpkgs",
        "packaging": "packaging",
        "pandas": "pandas",
        "pydantic": "pydantic",
        "sqlite-vec": "sqlite-vec",
        "transformers": "transformers",
        "typer": "typer",
        "unsloth": "unsloth",
        "uvicorn": "uvicorn"
      }
    },
    "sqlite-vec": {
      "inputs": {
        "flake-lib": [
          "flake-lib"
        ],
        "flake-utils": [
          "flake-utils"
        ],
        "nixpkgs": [
          "nixpkgs"
        ]
      },
      "locked": {
        "lastModified": 1788350052,
        "narHash": "sha256-bESCn0vaXOUf7IgLzMYcoW9kNfgfFtXTiOWCMJi4w2M=",
        "owner": "jgus",
        "repo": "sqlite-vec-flake",
        "rev": "9719a46da13fc2b77f9045106d6def124d890002",
        "type": "github"
      },
      "original": {
        "owner": "jgus",
        "repo": "sqlite-vec-flake",
        "type": "github"
      }
    },
    "systems": {
      "locked": {
        "lastModified": 1681028828,
        "narHash": "sha256-Vy1rq5AaRuLzOxct8nz4T6wlgyUR7zLU309k9mBC768=",
        "owner": "nix-systems",
        "repo": "default",
        "rev": "da67096a3b9bf56a91d16901293e51ba5b49a27e",
        "type": "github"
      },
      "original": {
        "owner": "nix-systems",
        "repo": "default",
        "type": "github"
      }
    },
    "tokenizers": {
      "inputs": {
        "flake-lib": [
          "transformers",
          "flake-lib"
        ],
        "flake-utils": [
          "transformers",
          "flake-utils"
        ],
        "nixpkgs": [
          "transformers",
          "nixpkgs"
        ]
      },
      "locked": {
        "lastModified": 1788350417,
        "narHash": "sha256-MCxon6lyDyan8db5oB4is0Mk9SWEr2VBADguenxikcU=",
        "owner": "jgus",
        "repo": "tokenizers-flake",
        "rev": "491f6f0a789aa19446acbafa088e98aa4dd67c26",
        "type": "github"
      },
      "original": {
        "owner": "jgus",
        "repo": "tokenizers-flake",
        "type": "github"
      }
    },
    "transformers": {
      "inputs": {
        "flake-lib": [
          "flake-lib"
        ],
        "flake-utils": [
          "flake-utils"
        ],
        "nixpkgs": [
          "nixpkgs"
        ],
        "tokenizers": "tokenizers"
      },
      "locked": {
        "lastModified": 1788351080,
        "narHash": "sha256-wK8Y0BWrqpaXNpsyiqY8hftpLRJbEtCCRjYBFEe6iYo=",
        "owner": "jgus",
        "repo": "transformers-flake",
        "rev": "b1dd9fb283d87f7845c6622e4f2cf777f8d8ec97",
        "type": "github"
      },
      "original": {
        "owner": "jgus",
        "repo": "transformers-flake",
        "type": "github"
      }
    },
    "typer": {
      "inputs": {
        "flake-lib": [
          "flake-lib"
        ],
        "flake-utils": [
          "flake-utils"
        ],
        "nixpkgs": [
          "nixpkgs"
        ]
      },
      "locked": {
        "lastModified": 1788350602,
        "narHash": "sha256-J3yeQskse0dxZydqB97z/87AvAOTdtA3VCjMbHTkY8w=",
        "owner": "jgus",
        "repo": "typer-flake",
        "rev": "ce972d173e5eab59e6449f0feca1feac917a0b04",
        "type": "github"
      },
      "original": {
        "owner": "jgus",
        "repo": "typer-flake",
        "type": "github"
      }
    },
    "unsloth": {
      "inputs": {
        "flake-lib": [
          "flake-lib"
        ],
        "flake-utils": [
          "flake-utils"
        ],
        "nixpkgs": [
          "nixpkgs"
        ],
        "unsloth-zoo": "unsloth-zoo"
      },
      "locked": {
        "lastModified": 1788350704,
        "narHash": "sha256-sL4ETOLcT0WDq2QgazZUDb5I2F3qrUp5bOu5iB7cEVI=",
        "owner": "jgus",
        "repo": "unsloth-flake",
        "rev": "9fefb838d2ad3d1cb8cfadf2c5c6d7db8f545e8f",
        "type": "github"
      },
      "original": {
        "owner": "jgus",
        "repo": "unsloth-flake",
        "type": "github"
      }
    },
    "unsloth-zoo": {
      "inputs": {
        "flake-lib": [
          "unsloth",
          "flake-lib"
        ],
        "flake-utils": [
          "unsloth",
          "flake-utils"
        ],
        "nixpkgs": [
          "unsloth",
          "nixpkgs"
        ]
      },
      "locked": {
        "lastModified": 1788350216,
        "narHash": "sha256-g1JfluVVxhhoFFVVXfov1n8MG3xTprvHq57QgB1EDv4=",
        "owner": "jgus",
        "repo": "unsloth-zoo-flake",
        "rev": "b7d9c5e2987c6e60c26729abe94c1bf8c1f85d29",
        "type": "github"
      },
      "original": {
        "owner": "jgus",
        "repo": "unsloth-zoo-flake",
        "type": "github"
      }
    },
    "uvicorn": {
      "inputs": {
        "flake-lib": [
          "flake-lib"
        ],
        "flake-utils": [
          "flake-utils"
        ],
        "nixpkgs": [
          "nixpkgs"
        ]
      },
      "locked": {
        "lastModified": 1788350265,
        "narHash": "sha256-0PongFZ5ZE1V8N1/1wI9lwcO2IJBD7lQXS8SF8ZlSg4=",
        "owner": "jgus",
        "repo": "uvicorn-flake",
        "rev": "02d34423b2b0df67c62793f6daf8cffe1833b3d5",
        "type": "github"
      },
      "original": {
        "owner": "jgus",
        "repo": "uvicorn-flake",
        "type": "github"
      }
    }
  },
  "root": "root",
  "version": 7
}
