{
  "nodes": {
    "click": {
      "inputs": {
        "flake-lib": [
          "diffusers",
          "huggingface-hub",
          "flake-lib"
        ],
        "flake-utils": [
          "diffusers",
          "huggingface-hub",
          "flake-utils"
        ],
        "nixpkgs": [
          "diffusers",
          "huggingface-hub",
          "nixpkgs"
        ]
      },
      "locked": {
        "lastModified": 1788436503,
        "narHash": "sha256-bGlc+IPEXihvDB+Rb13c8HwCYXafMCb2SXWeM0VRaqY=",
        "owner": "jgus",
        "repo": "click-flake",
        "rev": "2f0b1c21806b3965f867b5f143c05fdb5d890b73",
        "type": "github"
      },
      "original": {
        "owner": "jgus",
        "repo": "click-flake",
        "type": "github"
      }
    },
    "datasets": {
      "inputs": {
        "flake-lib": [
          "flake-lib"
        ],
        "flake-utils": [
          "flake-utils"
        ],
        "nixpkgs": [
          "nixpkgs"
        ]
      },
      "locked": {
        "lastModified": 1788436543,
        "narHash": "sha256-4nYw2UmX1PjxehfeHBK0ZvDUNXenECjHdaU9dtYmEOs=",
        "owner": "jgus",
        "repo": "datasets-flake",
        "rev": "8a88484be653e6f3c486ac9f085deb85d99557c3",
        "type": "github"
      },
      "original": {
        "owner": "jgus",
        "repo": "datasets-flake",
        "type": "github"
      }
    },
    "ddgs": {
      "inputs": {
        "flake-lib": [
          "flake-lib"
        ],
        "flake-utils": [
          "flake-utils"
        ],
        "nixpkgs": [
          "nixpkgs"
        ]
      },
      "locked": {
        "lastModified": 1788436834,
        "narHash": "sha256-3gDQ48BahYpebXQWiDz2Cq6XSs6AM19fMpCd9sLRVr8=",
        "owner": "jgus",
        "repo": "ddgs-flake",
        "rev": "c71466c75186cabadcdd6d050785f9816938d8c9",
        "type": "github"
      },
      "original": {
        "owner": "jgus",
        "repo": "ddgs-flake",
        "type": "github"
      }
    },
    "diffusers": {
      "inputs": {
        "flake-lib": [
          "flake-lib"
        ],
        "flake-utils": [
          "flake-utils"
        ],
        "huggingface-hub": "huggingface-hub",
        "nixpkgs": [
          "nixpkgs"
        ]
      },
      "locked": {
        "lastModified": 1788439106,
        "narHash": "sha256-hTe9ibGVT7UKGeCRCF9pp8hvGinQ/NzrkjOrrnH+5lc=",
        "owner": "jgus",
        "repo": "diffusers-flake",
        "rev": "7fd485007b53a12eaf217bd647cdc8840bdb012c",
        "type": "github"
      },
      "original": {
        "owner": "jgus",
        "repo": "diffusers-flake",
        "type": "github"
      }
    },
    "fastapi": {
      "inputs": {
        "flake-lib": [
          "flake-lib"
        ],
        "flake-utils": [
          "flake-utils"
        ],
        "nixpkgs": [
          "nixpkgs"
        ]
      },
      "locked": {
        "lastModified": 1788436487,
        "narHash": "sha256-EnYVhOIJbqG2E64/So/EeA5UhpGBxsZvrdxW0ROl2lM=",
        "owner": "jgus",
        "repo": "fastapi-flake",
        "rev": "eca4806661448f2c4597e639564031f71d5d6adf",
        "type": "github"
      },
      "original": {
        "owner": "jgus",
        "repo": "fastapi-flake",
        "type": "github"
      }
    },
    "flake-lib": {
      "inputs": {
        "flake-utils": [
          "flake-utils"
        ],
        "nixpkgs": [
          "nixpkgs"
        ]
      },
      "locked": {
        "lastModified": 1788198837,
        "narHash": "sha256-/esUnRsgT7OHNnIp9i25DqRC0PU4DYCjKMVF9hObKOw=",
        "owner": "jgus",
        "repo": "flake-lib",
        "rev": "efa5732408252073f0f5ed9f06c5d3765e62c3b7",
        "type": "github"
      },
      "original": {
        "owner": "jgus",
        "ref": "v1",
        "repo": "flake-lib",
        "type": "github"
      }
    },
    "flake-utils": {
      "inputs": {
        "systems": "systems"
      },
      "locked": {
        "lastModified": 1731533236,
        "narHash": "sha256-l0KFg5HjrsfsO/JpG+r7fRrqm12kzFHyUHqHCVpMMbI=",
        "owner": "numtide",
        "repo": "flake-utils",
        "rev": "11707dc2f618dd54ca8739b309ec4fc024de578b",
        "type": "github"
      },
      "original": {
        "owner": "numtide",
        "repo": "flake-utils",
        "type": "github"
      }
    },
    "gguf": {
      "inputs": {
        "flake-lib": [
          "flake-lib"
        ],
        "flake-utils": [
          "flake-utils"
        ],
        "nixpkgs": [
          "nixpkgs"
        ]
      },
      "locked": {
        "lastModified": 1788436680,
        "narHash": "sha256-pYuzN5vKBWTpEFRggSUh90i8ETAprUnH5lG5rGjO+ts=",
        "owner": "jgus",
        "repo": "gguf-flake",
        "rev": "91898a101b0d9f9583163789f727e7299d70ff84",
        "type": "github"
      },
      "original": {
        "owner": "jgus",
        "repo": "gguf-flake",
        "type": "github"
      }
    },
    "hf-xet": {
      "inputs": {
        "flake-lib": [
          "diffusers",
          "huggingface-hub",
          "flake-lib"
        ],
        "flake-utils": [
          "diffusers",
          "huggingface-hub",
          "flake-utils"
        ],
        "nixpkgs": [
          "diffusers",
          "huggingface-hub",
          "nixpkgs"
        ]
      },
      "locked": {
        "lastModified": 1788436195,
        "narHash": "sha256-SA4l4Nng3aAyT39x+xtTtSvoZFf++DNn3BA961GHcRY=",
        "owner": "jgus",
        "repo": "hf-xet-flake",
        "rev": "f0bb50facab4f2e70354cc15f5b2182b6c65394b",
        "type": "github"
      },
      "original": {
        "owner": "jgus",
        "repo": "hf-xet-flake",
        "type": "github"
      }
    },
    "huggingface-hub": {
      "inputs": {
        "click": "click",
        "flake-lib": [
          "diffusers",
          "flake-lib"
        ],
        "flake-utils": [
          "diffusers",
          "flake-utils"
        ],
        "hf-xet": "hf-xet",
        "nixpkgs": [
          "diffusers",
          "nixpkgs"
        ]
      },
      "locked": {
        "lastModified": 1788437593,
        "narHash": "sha256-+yl1+9I5zfKyDmOzR4V75dl3ISMxo4VcQnd7H89bJpE=",
        "owner": "jgus",
        "repo": "huggingface-hub-flake",
        "rev": "dfe32b090cc8869d6b52ac7f055c4c36b2e1780b",
        "type": "github"
      },
      "original": {
        "owner": "jgus",
        "repo": "huggingface-hub-flake",
        "type": "github"
      }
    },
    "matplotlib": {
      "inputs": {
        "flake-lib": [
          "flake-lib"
        ],
        "flake-utils": [
          "flake-utils"
        ],
        "nixpkgs": [
          "nixpkgs"
        ]
      },
      "locked": {
        "lastModified": 1788437048,
        "narHash": "sha256-SXsf6YTKl/mTangfLeCwE1NAMO1pEjqHTcrpNTy/7vQ=",
        "owner": "jgus",
        "repo": "matplotlib-flake",
        "rev": "454a772760873056e8628c9fe99bd8d901d8fefa",
        "type": "github"
      },
      "original": {
        "owner": "jgus",
        "repo": "matplotlib-flake",
        "type": "github"
      }
    },
    "nest-asyncio": {
      "inputs": {
        "flake-lib": [
          "flake-lib"
        ],
        "flake-utils": [
          "flake-utils"
        ],
        "nixpkgs": [
          "nixpkgs"
        ]
      },
      "locked": {
        "lastModified": 1788437021,
        "narHash": "sha256-rNuJ5s5wk2b46gLkGsy9nK4awTYsUv8VRDzenYcxbyo=",
        "owner": "jgus",
        "repo": "nest-asyncio-flake",
        "rev": "f34717b9232108da53d8a7a91d15de7b0b60317e",
        "type": "github"
      },
      "original": {
        "owner": "jgus",
        "repo": "nest-asyncio-flake",
        "type": "github"
      }
    },
    "nixpkgs": {
      "locked": {
        "lastModified": 1788372231,
        "narHash": "sha256-7aqErvrAEz/5OcPA5p3M+tVOqeYc4oJXkNIPXfCqxAw=",
        "owner": "NixOS",
        "repo": "nixpkgs",
        "rev": "9387b3fcc0c23c86661636da63faabad4235a0a6",
        "type": "github"
      },
      "original": {
        "owner": "NixOS",
        "ref": "nixpkgs-unstable",
        "repo": "nixpkgs",
        "type": "github"
      }
    },
    "packaging": {
      "inputs": {
        "flake-lib": [
          "flake-lib"
        ],
        "flake-utils": [
          "flake-utils"
        ],
        "nixpkgs": [
          "nixpkgs"
        ]
      },
      "locked": {
        "lastModified": 1788436526,
        "narHash": "sha256-qOxZOS7KxBWNgWNGoNImxGVfJxCFmSEPRO+zQ5bBUfg=",
        "owner": "jgus",
        "repo": "packaging-flake",
        "rev": "9578bd070c456f1c3f29ec433faf16c93b601ffd",
        "type": "github"
      },
      "original": {
        "owner": "jgus",
        "repo": "packaging-flake",
        "type": "github"
      }
    },
    "pandas": {
      "inputs": {
        "flake-lib": [
          "flake-lib"
        ],
        "flake-utils": [
          "flake-utils"
        ],
        "nixpkgs": [
          "nixpkgs"
        ]
      },
      "locked": {
        "lastModified": 1788436406,
        "narHash": "sha256-1rkgFPTQ5bH75MTMZYQmFkqw57oxI5zbEu9N6Yo3UYM=",
        "owner": "jgus",
        "repo": "pandas-flake",
        "rev": "60b90c3263f2ad35ffcc34b1bccbf55bace148aa",
        "type": "github"
      },
      "original": {
        "owner": "jgus",
        "repo": "pandas-flake",
        "type": "github"
      }
    },
    "pydantic": {
      "inputs": {
        "flake-lib": [
          "flake-lib"
        ],
        "flake-utils": [
          "flake-utils"
        ],
        "nixpkgs": [
          "nixpkgs"
        ],
        "pydantic-core": "pydantic-core"
      },
      "locked": {
        "lastModified": 1788437487,
        "narHash": "sha256-vaDPV+Cnhpp4QHjf3TwO4th3lzjbNbu/2xWNj3ejBSo=",
        "owner": "jgus",
        "repo": "pydantic-flake",
        "rev": "cdf419a15b3dd89e68a2d3e5b6fe116993fb5103",
        "type": "github"
      },
      "original": {
        "owner": "jgus",
        "repo": "pydantic-flake",
        "type": "github"
      }
    },
    "pydantic-core": {
      "inputs": {
        "flake-lib": [
          "pydantic",
          "flake-lib"
        ],
        "flake-utils": [
          "pydantic",
          "flake-utils"
        ],
        "nixpkgs": [
          "pydantic",
          "nixpkgs"
        ]
      },
      "locked": {
        "lastModified": 1788436801,
        "narHash": "sha256-vF6p6924vKTHQBn8JmG14xVmZm1peLAR8UmmN8ZDdq4=",
        "owner": "jgus",
        "repo": "pydantic-core-flake",
        "rev": "f63102d40ac5ef02efcbdb752dc768e0c5bf2b50",
        "type": "github"
      },
      "original": {
        "owner": "jgus",
        "repo": "pydantic-core-flake",
        "type": "github"
      }
    },
    "root": {
      "inputs": {
        "datasets": "datasets",
        "ddgs": "ddgs",
        "diffusers": "diffusers",
        "fastapi": "fastapi",
        "flake-lib": "flake-lib",
        "flake-utils": "flake-utils",
        "gguf": "gguf",
        "matplotlib": "matplotlib",
        "nest-asyncio": "nest-asyncio",
        "nixpkgs": "nixpkgs",
        "packaging": "packaging",
        "pandas": "pandas",
        "pydantic": "pydantic",
        "sqlite-vec": "sqlite-vec",
        "transformers": "transformers",
        "typer": "typer",
        "unsloth": "unsloth",
        "uvicorn": "uvicorn"
      }
    },
    "sqlite-vec": {
      "inputs": {
        "flake-lib": [
          "flake-lib"
        ],
        "flake-utils": [
          "flake-utils"
        ],
        "nixpkgs": [
          "nixpkgs"
        ]
      },
      "locked": {
        "lastModified": 1788436364,
        "narHash": "sha256-zV5npMaqUTLkKEFETU60bUKp8MCUQz4x11+IpoV4P4A=",
        "owner": "jgus",
        "repo": "sqlite-vec-flake",
        "rev": "f40089e4b454eced854cca476d00e4c5b5c1879b",
        "type": "github"
      },
      "original": {
        "owner": "jgus",
        "repo": "sqlite-vec-flake",
        "type": "github"
      }
    },
    "systems": {
      "locked": {
        "lastModified": 1681028828,
        "narHash": "sha256-Vy1rq5AaRuLzOxct8nz4T6wlgyUR7zLU309k9mBC768=",
        "owner": "nix-systems",
        "repo": "default",
        "rev": "da67096a3b9bf56a91d16901293e51ba5b49a27e",
        "type": "github"
      },
      "original": {
        "owner": "nix-systems",
        "repo": "default",
        "type": "github"
      }
    },
    "tokenizers": {
      "inputs": {
        "flake-lib": [
          "transformers",
          "flake-lib"
        ],
        "flake-utils": [
          "transformers",
          "flake-utils"
        ],
        "nixpkgs": [
          "transformers",
          "nixpkgs"
        ]
      },
      "locked": {
        "lastModified": 1788436803,
        "narHash": "sha256-FU81dffCf8i7OzNl0D2CG3g84RBuNdW0pp9n0e+1GDY=",
        "owner": "jgus",
        "repo": "tokenizers-flake",
        "rev": "517504209e58cc7c8eea6fb1b168c996d67390ef",
        "type": "github"
      },
      "original": {
        "owner": "jgus",
        "repo": "tokenizers-flake",
        "type": "github"
      }
    },
    "transformers": {
      "inputs": {
        "flake-lib": [
          "flake-lib"
        ],
        "flake-utils": [
          "flake-utils"
        ],
        "nixpkgs": [
          "nixpkgs"
        ],
        "tokenizers": "tokenizers"
      },
      "locked": {
        "lastModified": 1788437503,
        "narHash": "sha256-nMD7jx9X6+onQOmdYEf+tx8uKzED444AOJoOrJkBjoE=",
        "owner": "jgus",
        "repo": "transformers-flake",
        "rev": "8e68fe58e1d05647222e940bc21ba5ffad012bff",
        "type": "github"
      },
      "original": {
        "owner": "jgus",
        "repo": "transformers-flake",
        "type": "github"
      }
    },
    "typer": {
      "inputs": {
        "flake-lib": [
          "flake-lib"
        ],
        "flake-utils": [
          "flake-utils"
        ],
        "nixpkgs": [
          "nixpkgs"
        ]
      },
      "locked": {
        "lastModified": 1788436986,
        "narHash": "sha256-SY06CfNpEx89yoXIdnPhVhLDzHgQNCiit+7xw3x/+C4=",
        "owner": "jgus",
        "repo": "typer-flake",
        "rev": "a2fb2c6adae72a9e90030c0eebfcef86cd0caba2",
        "type": "github"
      },
      "original": {
        "owner": "jgus",
        "repo": "typer-flake",
        "type": "github"
      }
    },
    "unsloth": {
      "inputs": {
        "flake-lib": [
          "flake-lib"
        ],
        "flake-utils": [
          "flake-utils"
        ],
        "nixpkgs": [
          "nixpkgs"
        ],
        "unsloth-zoo": "unsloth-zoo"
      },
      "locked": {
        "lastModified": 1788438039,
        "narHash": "sha256-J7FNHpc0jt/+x/qySRO0Pmfo98Qycc6N6MQACNQxMl8=",
        "owner": "jgus",
        "repo": "unsloth-flake",
        "rev": "0150fa0fd5e56ca28853f0401d578f8e8624de2a",
        "type": "github"
      },
      "original": {
        "owner": "jgus",
        "repo": "unsloth-flake",
        "type": "github"
      }
    },
    "unsloth-zoo": {
      "inputs": {
        "flake-lib": [
          "unsloth",
          "flake-lib"
        ],
        "flake-utils": [
          "unsloth",
          "flake-utils"
        ],
        "nixpkgs": [
          "unsloth",
          "nixpkgs"
        ]
      },
      "locked": {
        "lastModified": 1788436552,
        "narHash": "sha256-2Uoh6lTtkBvmLGVdUuW4CGwmNSyriXuq0wY5FTzN8Ok=",
        "owner": "jgus",
        "repo": "unsloth-zoo-flake",
        "rev": "d48ea912fa22caa1542d3d542fff79a4c3e2c449",
        "type": "github"
      },
      "original": {
        "owner": "jgus",
        "repo": "unsloth-zoo-flake",
        "type": "github"
      }
    },
    "uvicorn": {
      "inputs": {
        "flake-lib": [
          "flake-lib"
        ],
        "flake-utils": [
          "flake-utils"
        ],
        "nixpkgs": [
          "nixpkgs"
        ]
      },
      "locked": {
        "lastModified": 1788436579,
        "narHash": "sha256-J5cvDi5H5jOru6WZO6hXHPv/85hxjalsHNpxDReB9Xs=",
        "owner": "jgus",
        "repo": "uvicorn-flake",
        "rev": "b6625d487350881955cd8548f51d0992466b58da",
        "type": "github"
      },
      "original": {
        "owner": "jgus",
        "repo": "uvicorn-flake",
        "type": "github"
      }
    }
  },
  "root": "root",
  "version": 7
}
